
Microsoft Visual Studio Solution File, Format Version 12.00
# Visual Studio Version 17
VisualStudioVersion = 17.7.34024.191
MinimumVisualStudioVersion = 10.0.40219.1
Project("{9A19103F-16F7-4668-BE54-9A1E7A4F7556}") = "PaymentGateway.Api", "PaymentGateway.Api.csproj", "{2C76370B-A9E8-4DC3-A649-DE6D824CA0D2}"
EndProject
Project("{9A19103F-16F7-4668-BE54-9A1E7A4F7556}") = "PaymentGateway.Test", "..\PaymentGateway.Test\PaymentGateway.Test.csproj", "{B69F6A93-A1BF-49EB-857B-E9E6D1EEEB8F}"
EndProject
Project("{9A19103F-16F7-4668-BE54-9A1E7A4F7556}") = "PaymentGateway.Entities", "..\PaymentGateway.Entities\PaymentGateway.Entities.csproj", "{E55036E8-FF29-4C5B-940D-C995196DD1C0}"
EndProject
Project("{9A19103F-16F7-4668-BE54-9A1E7A4F7556}") = "PaymentGateway.Context", "..\PaymentGateway.Context\PaymentGateway.Context.csproj", "{2213FB7B-6803-4750-AC7B-C6F666B240C6}"
EndProject
Global
	GlobalSection(SolutionConfigurationPlatforms) = preSolution
		Debug|Any CPU = Debug|Any CPU
		Release|Any CPU = Release|Any CPU
	EndGlobalSection
	GlobalSection(ProjectConfigurationPlatforms) = postSolution
		{2C76370B-A9E8-4DC3-A649-DE6D824CA0D2}.Debug|Any CPU.ActiveCfg = Debug|Any CPU
		{2C76370B-A9E8-4DC3-A649-DE6D824CA0D2}.Debug|Any CPU.Build.0 = Debug|Any CPU
		{2C76370B-A9E8-4DC3-A649-DE6D824CA0D2}.Release|Any CPU.ActiveCfg = Release|Any CPU
		{2C76370B-A9E8-4DC3-A649-DE6D824CA0D2}.Release|Any CPU.Build.0 = Release|Any CPU
		{B69F6A93-A1BF-49EB-857B-E9E6D1EEEB8F}.Debug|Any CPU.ActiveCfg = Debug|Any CPU
		{B69F6A93-A1BF-49EB-857B-E9E6D1EEEB8F}.Debug|Any CPU.Build.0 = Debug|Any CPU
		{B69F6A93-A1BF-49EB-857B-E9E6D1EEEB8F}.Release|Any CPU.ActiveCfg = Release|Any CPU
		{B69F6A93-A1BF-49EB-857B-E9E6D1EEEB8F}.Release|Any CPU.Build.0 = Release|Any CPU
		{E55036E8-FF29-4C5B-940D-C995196DD1C0}.Debug|Any CPU.ActiveCfg = Debug|Any CPU
		{E55036E8-FF29-4C5B-940D-C995196DD1C0}.Debug|Any CPU.Build.0 = Debug|Any CPU
		{E55036E8-FF29-4C5B-940D-C995196DD1C0}.Release|Any CPU.ActiveCfg = Release|Any CPU
		{E55036E8-FF29-4C5B-940D-C995196DD1C0}.Release|Any CPU.Build.0 = Release|Any CPU
		{2213FB7B-6803-4750-AC7B-C6F666B240C6}.Debug|Any CPU.ActiveCfg = Debug|Any CPU
		{2213FB7B-6803-4750-AC7B-C6F666B240C6}.Debug|Any CPU.Build.0 = Debug|Any CPU
		{2213FB7B-6803-4750-AC7B-C6F666B240C6}.Release|Any CPU.ActiveCfg = Release|Any CPU
		{2213FB7B-6803-4750-AC7B-C6F666B240C6}.Release|Any CPU.Build.0 = Release|Any CPU
	EndGlobalSection
	GlobalSection(SolutionProperties) = preSolution
		HideSolutionNode = FALSE
	EndGlobalSection
	GlobalSection(ExtensibilityGlobals) = postSolution
		SolutionGuid = {ABFE495D-EE1B-427E-AB6E-AB248C2A50FB}
	EndGlobalSection
EndGlobal
